schema: '2.0'
stages:
  data_cleaning:
    cmd: uv run python src/data/data_cleaning.py
    deps:
    - path: contracts/features.py
      hash: md5
      md5: eba9052da303dfc1ae2ba47c9768a4bb
      size: 5178
    - path: data/raw/swiggy.csv
      hash: md5
      md5: 0b050b37dfe6cfbfaa18d7cb4e454377
      size: 7772212
    - path: scripts/data_clean_utils.py
      hash: md5
      md5: ac5534df2f92374095b4e0d6cd5a574b
      size: 6189
    - path: src/data/data_cleaning.py
      hash: md5
      md5: 9360dcab72c1a6afb40dc71c00fbc2d2
      size: 1555
    outs:
    - path: data/cleaned/swiggy_cleaned.csv
      hash: md5
      md5: 33783120f18a753dd632936e54c69246
      size: 295636
  data_preparation:
    cmd: uv run python src/data/data_preparation.py
    deps:
    - path: data/cleaned/swiggy_cleaned.csv
      hash: md5
      md5: 33783120f18a753dd632936e54c69246
      size: 295636
    - path: src/data/data_preparation.py
      hash: md5
      md5: e9637bca2abf8dddc8c8ca9e35373329
      size: 2584
    params:
      params.yaml:
        Data_Preparation.random_state: 42
        Data_Preparation.test_size: 0.25
    outs:
    - path: data/interim/test.csv
      hash: md5
      md5: 096b6a2178b3ee9ba25c9f99350b49af
      size: 73914
    - path: data/interim/train.csv
      hash: md5
      md5: b6378146a6645a6322df5ca5b5ffb5fa
      size: 221899
  data_preprocessing:
    cmd: uv run python src/features/data_preprocessing.py
    deps:
    - path: contracts/features.py
      hash: md5
      md5: eba9052da303dfc1ae2ba47c9768a4bb
      size: 5178
    - path: data/interim/test.csv
      hash: md5
      md5: 096b6a2178b3ee9ba25c9f99350b49af
      size: 73914
    - path: data/interim/train.csv
      hash: md5
      md5: b6378146a6645a6322df5ca5b5ffb5fa
      size: 221899
    - path: src/features/data_preprocessing.py
      hash: md5
      md5: a4d3d1c92094f18a9d6b4db13f27e02c
      size: 4108
    outs:
    - path: data/processed/test_trans.csv
      hash: md5
      md5: b0dada81a921423eb1fd4cb5b9d5bc02
      size: 104080
    - path: data/processed/train_trans.csv
      hash: md5
      md5: dc5f4a791c2faabd4d5ddc988f82dcc7
      size: 311248
    - path: models/preprocessor.joblib
      hash: md5
      md5: e372575b78142042669ada1e3b688c48
      size: 6614
  train:
    cmd: uv run python src/models/train.py
    deps:
    - path: contracts/features.py
      hash: md5
      md5: eba9052da303dfc1ae2ba47c9768a4bb
      size: 5178
    - path: data/processed/train_trans.csv
      hash: md5
      md5: dc5f4a791c2faabd4d5ddc988f82dcc7
      size: 311248
    - path: src/models/train.py
      hash: md5
      md5: 512d59d991afed20dc3fd4c744e7a9b0
      size: 2952
    params:
      params.yaml:
        Train.LightGBM:
          n_estimators: 154
          max_depth: 27
          learning_rate: 0.22234435854395157
          subsample: 0.7592213724048168
          min_child_weight: 20
          min_split_gain: 0.004604680609280751
          reg_lambda: 97.81002379097947
          device: cpu
          n_jobs: -1
        Train.Random_Forest:
          n_estimators: 479
          criterion: squared_error
          max_depth: 17
          max_features: 1
          min_samples_split: 9
          min_samples_leaf: 2
          max_samples: 0.6603673526197066
          verbose: 1
          n_jobs: -1
    outs:
    - path: models/model.joblib
      hash: md5
      md5: 0fd151b494e928b7659b75ef991fe316
      size: 14434420
    - path: models/power_transformer.joblib
      hash: md5
      md5: 3b664d27fd8ebb1842f58d8b722c35ca
      size: 805
    - path: models/stacking_regressor.joblib
      hash: md5
      md5: b05ab7df8bb25e9905dd84168a3089fe
      size: 14422950
  evaluation:
    cmd: uv run python src/models/evaluation.py
    deps:
    - path: contracts/features.py
      hash: md5
      md5: eba9052da303dfc1ae2ba47c9768a4bb
      size: 5178
    - path: data/processed/test_trans.csv
      hash: md5
      md5: b0dada81a921423eb1fd4cb5b9d5bc02
      size: 104080
    - path: data/processed/train_trans.csv
      hash: md5
      md5: dc5f4a791c2faabd4d5ddc988f82dcc7
      size: 311248
    - path: models/model.joblib
      hash: md5
      md5: 0fd151b494e928b7659b75ef991fe316
      size: 14434420
    - path: src/models/evaluation.py
      hash: md5
      md5: f0b849865208dafa94ac1ed314150ed0
      size: 4776
    outs:
    - path: run_information.json
      hash: md5
      md5: 90913fe29eda7c5c9c7a5c78411b5cfb
      size: 490
  register_model:
    cmd: uv run python src/models/register_model.py
    deps:
    - path: run_information.json
      hash: md5
      md5: 90913fe29eda7c5c9c7a5c78411b5cfb
      size: 490
    - path: src/models/register_model.py
      hash: md5
      md5: 970626835bd9f62f69c9d8cde278e475
      size: 2804
    outs:
    - path: reports/registry.json
      hash: md5
      md5: 3ee30251b73a76480c7cca8d50b92367
      size: 313
